
Microsoft Visual Studio Solution File, Format Version 11.00
# Visual Studio 2010
Project("{FAE04EC0-301F-11D3-BF4B-00C04F79EFBC}") = "WpfApplication5", "WpfApplication5\WpfApplication5.csproj", "{1999F91B-8C86-4875-938B-6F63FC39E7FA}"
EndProject
Global
	GlobalSection(SolutionConfigurationPlatforms) = preSolution
		Debug|x86 = Debug|x86
		Release|x86 = Release|x86
	EndGlobalSection
	GlobalSection(ProjectConfigurationPlatforms) = postSolution
		{1999F91B-8C86-4875-938B-6F63FC39E7FA}.Debug|x86.ActiveCfg = Debug|x86
		{1999F91B-8C86-4875-938B-6F63FC39E7FA}.Debug|x86.Build.0 = Debug|x86
		{1999F91B-8C86-4875-938B-6F63FC39E7FA}.Release|x86.ActiveCfg = Release|x86
		{1999F91B-8C86-4875-938B-6F63FC39E7FA}.Release|x86.Build.0 = Release|x86
	EndGlobalSection
	GlobalSection(SolutionProperties) = preSolution
		HideSolutionNode = FALSE
	EndGlobalSection
EndGlobal
